// !$*UTF8*$!
{
	archiveVersion = 1;
	classes = {
	};
	objectVersion = 46;
	objects = {

/* Begin PBXBuildFile section */
		230F0FD51A0F6EB60032BA94 /* SecretConfig.swift in Sources */ = {isa = PBXBuildFile; fileRef = 230F0FD41A0F6EB60032BA94 /* SecretConfig.swift */; };
		23FCF0981A0F57B800EF023A /* AppDelegate.swift in Sources */ = {isa = PBXBuildFile; fileRef = 23FCF0971A0F57B800EF023A /* AppDelegate.swift */; };
		23FCF09A1A0F57B800EF023A /* RootViewController.swift in Sources */ = {isa = PBXBuildFile; fileRef = 23FCF0991A0F57B800EF023A /* RootViewController.swift */; };
		23FCF09C1A0F57B800EF023A /* DataViewController.swift in Sources */ = {isa = PBXBuildFile; fileRef = 23FCF09B1A0F57B800EF023A /* DataViewController.swift */; };
		23FCF09E1A0F57B800EF023A /* ModelController.swift in Sources */ = {isa = PBXBuildFile; fileRef = 23FCF09D1A0F57B800EF023A /* ModelController.swift */; };
		23FCF0A11A0F57B800EF023A /* Main.storyboard in Resources */ = {isa = PBXBuildFile; fileRef = 23FCF09F1A0F57B800EF023A /* Main.storyboard */; };
		23FCF0A31A0F57B800EF023A /* Images.xcassets in Resources */ = {isa = PBXBuildFile; fileRef = 23FCF0A21A0F57B800EF023A /* Images.xcassets */; };
		23FCF0A61A0F57B800EF023A /* LaunchScreen.xib in Resources */ = {isa = PBXBuildFile; fileRef = 23FCF0A41A0F57B800EF023A /* LaunchScreen.xib */; };
		23FCF0B21A0F57B800EF023A /* tagTmblTests.swift in Sources */ = {isa = PBXBuildFile; fileRef = 23FCF0B11A0F57B800EF023A /* tagTmblTests.swift */; };
		6B864E4BEB510CE24AE44D91 /* libPods.a in Frameworks */ = {isa = PBXBuildFile; fileRef = 12232CF9692FCBBCA6081CB7 /* libPods.a */; };
/* End PBXBuildFile section */

/* Begin PBXContainerItemProxy section */
		23FCF0AC1A0F57B800EF023A /* PBXContainerItemProxy */ = {
			isa = PBXContainerItemProxy;
			containerPortal = 23FCF08A1A0F57B800EF023A /* Project object */;
			proxyType = 1;
			remoteGlobalIDString = 23FCF0911A0F57B800EF023A;
			remoteInfo = tagTmbl;
		};
/* End PBXContainerItemProxy section */

/* Begin PBXFileReference section */
		12232CF9692FCBBCA6081CB7 /* libPods.a */ = {isa = PBXFileReference; explicitFileType = archive.ar; includeInIndex = 0; path = libPods.a; sourceTree = BUILT_PRODUCTS_DIR; };
		230F0FCC1A0F5BF80032BA94 /* tagTmbl-Bridging-Header.h */ = {isa = PBXFileReference; lastKnownFileType = sourcecode.c.h; path = "tagTmbl-Bridging-Header.h"; sourceTree = "<group>"; };
		230F0FD41A0F6EB60032BA94 /* SecretConfig.swift */ = {isa = PBXFileReference; fileEncoding = 4; lastKnownFileType = sourcecode.swift; path = SecretConfig.swift; sourceTree = "<group>"; };
		23FCF0921A0F57B800EF023A /* tagTmbl.app */ = {isa = PBXFileReference; explicitFileType = wrapper.application; includeInIndex = 0; path = tagTmbl.app; sourceTree = BUILT_PRODUCTS_DIR; };
		23FCF0961A0F57B800EF023A /* Info.plist */ = {isa = PBXFileReference; lastKnownFileType = text.plist.xml; path = Info.plist; sourceTree = "<group>"; };
		23FCF0971A0F57B800EF023A /* AppDelegate.swift */ = {isa = PBXFileReference; lastKnownFileType = sourcecode.swift; path = AppDelegate.swift; sourceTree = "<group>"; };
		23FCF0991A0F57B800EF023A /* RootViewController.swift */ = {isa = PBXFileReference; lastKnownFileType = sourcecode.swift; path = RootViewController.swift; sourceTree = "<group>"; };
		23FCF09B1A0F57B800EF023A /* DataViewController.swift */ = {isa = PBXFileReference; lastKnownFileType = sourcecode.swift; path = DataViewController.swift; sourceTree = "<group>"; };
		23FCF09D1A0F57B800EF023A /* ModelController.swift */ = {isa = PBXFileReference; lastKnownFileType = sourcecode.swift; path = ModelController.swift; sourceTree = "<group>"; };
		23FCF0A01A0F57B800EF023A /* Base */ = {isa = PBXFileReference; lastKnownFileType = file.storyboard; name = Base; path = Base.lproj/Main.storyboard; sourceTree = "<group>"; };
		23FCF0A21A0F57B800EF023A /* Images.xcassets */ = {isa = PBXFileReference; lastKnownFileType = folder.assetcatalog; path = Images.xcassets; sourceTree = "<group>"; };
		23FCF0A51A0F57B800EF023A /* Base */ = {isa = PBXFileReference; lastKnownFileType = file.xib; name = Base; path = Base.lproj/LaunchScreen.xib; sourceTree = "<group>"; };
		23FCF0AB1A0F57B800EF023A /* tagTmblTests.xctest */ = {isa = PBXFileReference; explicitFileType = wrapper.cfbundle; includeInIndex = 0; path = tagTmblTests.xctest; sourceTree = BUILT_PRODUCTS_DIR; };
		23FCF0B01A0F57B800EF023A /* Info.plist */ = {isa = PBXFileReference; lastKnownFileType = text.plist.xml; path = Info.plist; sourceTree = "<group>"; };
		23FCF0B11A0F57B800EF023A /* tagTmblTests.swift */ = {isa = PBXFileReference; lastKnownFileType = sourcecode.swift; path = tagTmblTests.swift; sourceTree = "<group>"; };
		5C4570897C7C4712D8DAD30D /* Pods.debug.xcconfig */ = {isa = PBXFileReference; includeInIndex = 1; lastKnownFileType = text.xcconfig; name = Pods.debug.xcconfig; path = "Pods/Target Support Files/Pods/Pods.debug.xcconfig"; sourceTree = "<group>"; };
		E8BCF86960CB1A8048B07736 /* Pods.release.xcconfig */ = {isa = PBXFileReference; includeInIndex = 1; lastKnownFileType = text.xcconfig; name = Pods.release.xcconfig; path = "Pods/Target Support Files/Pods/Pods.release.xcconfig"; sourceTree = "<group>"; };
/* End PBXFileReference section */

/* Begin PBXFrameworksBuildPhase section */
		23FCF08F1A0F57B800EF023A /* Frameworks */ = {
			isa = PBXFrameworksBuildPhase;
			buildActionMask = 2147483647;
			files = (
				6B864E4BEB510CE24AE44D91 /* libPods.a in Frameworks */,
			);
			runOnlyForDeploymentPostprocessing = 0;
		};
		23FCF0A81A0F57B800EF023A /* Frameworks */ = {
			isa = PBXFrameworksBuildPhase;
			buildActionMask = 2147483647;
			files = (
			);
			runOnlyForDeploymentPostprocessing = 0;
		};
/* End PBXFrameworksBuildPhase section */

/* Begin PBXGroup section */
		23FCF0891A0F57B800EF023A = {
			isa = PBXGroup;
			children = (
				23FCF0941A0F57B800EF023A /* tagTmbl */,
				23FCF0AE1A0F57B800EF023A /* tagTmblTests */,
				23FCF0931A0F57B800EF023A /* Products */,
				921060D1F022E7BAAB1CAA71 /* Pods */,
				CF95D10496924CEBFE71C0DC /* Frameworks */,
			);
			sourceTree = "<group>";
		};
		23FCF0931A0F57B800EF023A /* Products */ = {
			isa = PBXGroup;
			children = (
				23FCF0921A0F57B800EF023A /* tagTmbl.app */,
				23FCF0AB1A0F57B800EF023A /* tagTmblTests.xctest */,
			);
			name = Products;
			sourceTree = "<group>";
		};
		23FCF0941A0F57B800EF023A /* tagTmbl */ = {
			isa = PBXGroup;
			children = (
				23FCF0971A0F57B800EF023A /* AppDelegate.swift */,
				23FCF0991A0F57B800EF023A /* RootViewController.swift */,
				23FCF09B1A0F57B800EF023A /* DataViewController.swift */,
				23FCF09D1A0F57B800EF023A /* ModelController.swift */,
				23FCF09F1A0F57B800EF023A /* Main.storyboard */,
				230F0FCC1A0F5BF80032BA94 /* tagTmbl-Bridging-Header.h */,
				23FCF0A21A0F57B800EF023A /* Images.xcassets */,
				23FCF0A41A0F57B800EF023A /* LaunchScreen.xib */,
				23FCF0951A0F57B800EF023A /* Supporting Files */,
				230F0FD41A0F6EB60032BA94 /* SecretConfig.swift */,
			);
			path = tagTmbl;
			sourceTree = "<group>";
		};
		23FCF0951A0F57B800EF023A /* Supporting Files */ = {
			isa = PBXGroup;
			children = (
				23FCF0961A0F57B800EF023A /* Info.plist */,
			);
			name = "Supporting Files";
			sourceTree = "<group>";
		};
		23FCF0AE1A0F57B800EF023A /* tagTmblTests */ = {
			isa = PBXGroup;
			children = (
				23FCF0B11A0F57B800EF023A /* tagTmblTests.swift */,
				23FCF0AF1A0F57B800EF023A /* Supporting Files */,
			);
			path = tagTmblTests;
			sourceTree = "<group>";
		};
		23FCF0AF1A0F57B800EF023A /* Supporting Files */ = {
			isa = PBXGroup;
			children = (
				23FCF0B01A0F57B800EF023A /* Info.plist */,
			);
			name = "Supporting Files";
			sourceTree = "<group>";
		};
		921060D1F022E7BAAB1CAA71 /* Pods */ = {
			isa = PBXGroup;
			children = (
				5C4570897C7C4712D8DAD30D /* Pods.debug.xcconfig */,
				E8BCF86960CB1A8048B07736 /* Pods.release.xcconfig */,
			);
			name = Pods;
			sourceTree = "<group>";
		};
		CF95D10496924CEBFE71C0DC /* Frameworks */ = {
			isa = PBXGroup;
			children = (
				12232CF9692FCBBCA6081CB7 /* libPods.a */,
			);
			name = Frameworks;
			sourceTree = "<group>";
		};
/* End PBXGroup section */

/* Begin PBXNativeTarget section */
		23FCF0911A0F57B800EF023A /* tagTmbl */ = {
			isa = PBXNativeTarget;
			buildConfigurationList = 23FCF0B51A0F57B800EF023A /* Build configuration list for PBXNativeTarget "tagTmbl" */;
			buildPhases = (
				B791F3AFE48719EBAEC5434D /* Check Pods Manifest.lock */,
				23FCF08E1A0F57B800EF023A /* Sources */,
				23FCF08F1A0F57B800EF023A /* Frameworks */,
				23FCF0901A0F57B800EF023A /* Resources */,
				0DA969EDF57C38703610A404 /* Copy Pods Resources */,
			);
			buildRules = (
			);
			dependencies = (
			);
			name = tagTmbl;
			productName = tagTmbl;
			productReference = 23FCF0921A0F57B800EF023A /* tagTmbl.app */;
			productType = "com.apple.product-type.application";
		};
		23FCF0AA1A0F57B800EF023A /* tagTmblTests */ = {
			isa = PBXNativeTarget;
			buildConfigurationList = 23FCF0B81A0F57B800EF023A /* Build configuration list for PBXNativeTarget "tagTmblTests" */;
			buildPhases = (
				23FCF0A71A0F57B800EF023A /* Sources */,
				23FCF0A81A0F57B800EF023A /* Frameworks */,
				23FCF0A91A0F57B800EF023A /* Resources */,
			);
			buildRules = (
			);
			dependencies = (
				23FCF0AD1A0F57B800EF023A /* PBXTargetDependency */,
			);
			name = tagTmblTests;
			productName = tagTmblTests;
			productReference = 23FCF0AB1A0F57B800EF023A /* tagTmblTests.xctest */;
			productType = "com.apple.product-type.bundle.unit-test";
		};
/* End PBXNativeTarget section */

/* Begin PBXProject section */
		23FCF08A1A0F57B800EF023A /* Project object */ = {
			isa = PBXProject;
			attributes = {
				LastUpgradeCheck = 0610;
				ORGANIZATIONNAME = satorun;
				TargetAttributes = {
					23FCF0911A0F57B800EF023A = {
						CreatedOnToolsVersion = 6.1;
					};
					23FCF0AA1A0F57B800EF023A = {
						CreatedOnToolsVersion = 6.1;
						TestTargetID = 23FCF0911A0F57B800EF023A;
					};
				};
			};
			buildConfigurationList = 23FCF08D1A0F57B800EF023A /* Build configuration list for PBXProject "tagTmbl" */;
			compatibilityVersion = "Xcode 3.2";
			developmentRegion = English;
			hasScannedForEncodings = 0;
			knownRegions = (
				en,
				Base,
			);
			mainGroup = 23FCF0891A0F57B800EF023A;
			productRefGroup = 23FCF0931A0F57B800EF023A /* Products */;
			projectDirPath = "";
			projectRoot = "";
			targets = (
				23FCF0911A0F57B800EF023A /* tagTmbl */,
				23FCF0AA1A0F57B800EF023A /* tagTmblTests */,
			);
		};
/* End PBXProject section */

/* Begin PBXResourcesBuildPhase section */
		23FCF0901A0F57B800EF023A /* Resources */ = {
			isa = PBXResourcesBuildPhase;
			buildActionMask = 2147483647;
			files = (
				23FCF0A11A0F57B800EF023A /* Main.storyboard in Resources */,
				23FCF0A61A0F57B800EF023A /* LaunchScreen.xib in Resources */,
				23FCF0A31A0F57B800EF023A /* Images.xcassets in Resources */,
			);
			runOnlyForDeploymentPostprocessing = 0;
		};
		23FCF0A91A0F57B800EF023A /* Resources */ = {
			isa = PBXResourcesBuildPhase;
			buildActionMask = 2147483647;
			files = (
			);
			runOnlyForDeploymentPostprocessing = 0;
		};
/* End PBXResourcesBuildPhase section */

/* Begin PBXShellScriptBuildPhase section */
		0DA969EDF57C38703610A404 /* Copy Pods Resources */ = {
			isa = PBXShellScriptBuildPhase;
			buildActionMask = 2147483647;
			files = (
			);
			inputPaths = (
			);
			name = "Copy Pods Resources";
			outputPaths = (
			);
			runOnlyForDeploymentPostprocessing = 0;
			shellPath = /bin/sh;
			shellScript = "\"${SRCROOT}/Pods/Target Support Files/Pods/Pods-resources.sh\"\n";
			showEnvVarsInLog = 0;
		};
		B791F3AFE48719EBAEC5434D /* Check Pods Manifest.lock */ = {
			isa = PBXShellScriptBuildPhase;
			buildActionMask = 2147483647;
			files = (
			);
			inputPaths = (
			);
			name = "Check Pods Manifest.lock";
			outputPaths = (
			);
			runOnlyForDeploymentPostprocessing = 0;
			shellPath = /bin/sh;
			shellScript = "diff \"${PODS_ROOT}/../Podfile.lock\" \"${PODS_ROOT}/Manifest.lock\" > /dev/null\nif [[ $? != 0 ]] ; then\n    cat << EOM\nerror: The sandbox is not in sync with the Podfile.lock. Run 'pod install' or update your CocoaPods installation.\nEOM\n    exit 1\nfi\n";
			showEnvVarsInLog = 0;
		};
/* End PBXShellScriptBuildPhase section */

/* Begin PBXSourcesBuildPhase section */
		23FCF08E1A0F57B800EF023A /* Sources */ = {
			isa = PBXSourcesBuildPhase;
			buildActionMask = 2147483647;
			files = (
				230F0FD51A0F6EB60032BA94 /* SecretConfig.swift in Sources */,
				23FCF09A1A0F57B800EF023A /* RootViewController.swift in Sources */,
				23FCF09E1A0F57B800EF023A /* ModelController.swift in Sources */,
				23FCF09C1A0F57B800EF023A /* DataViewController.swift in Sources */,
				23FCF0981A0F57B800EF023A /* AppDelegate.swift in Sources */,
			);
			runOnlyForDeploymentPostprocessing = 0;
		};
		23FCF0A71A0F57B800EF023A /* Sources */ = {
			isa = PBXSourcesBuildPhase;
			buildActionMask = 2147483647;
			files = (
				23FCF0B21A0F57B800EF023A /* tagTmblTests.swift in Sources */,
			);
			runOnlyForDeploymentPostprocessing = 0;
		};
/* End PBXSourcesBuildPhase section */

/* Begin PBXTargetDependency section */
		23FCF0AD1A0F57B800EF023A /* PBXTargetDependency */ = {
			isa = PBXTargetDependency;
			target = 23FCF0911A0F57B800EF023A /* tagTmbl */;
			targetProxy = 23FCF0AC1A0F57B800EF023A /* PBXContainerItemProxy */;
		};
/* End PBXTargetDependency section */

/* Begin PBXVariantGroup section */
		23FCF09F1A0F57B800EF023A /* Main.storyboard */ = {
			isa = PBXVariantGroup;
			children = (
				23FCF0A01A0F57B800EF023A /* Base */,
			);
			name = Main.storyboard;
			sourceTree = "<group>";
		};
		23FCF0A41A0F57B800EF023A /* LaunchScreen.xib */ = {
			isa = PBXVariantGroup;
			children = (
				23FCF0A51A0F57B800EF023A /* Base */,
			);
			name = LaunchScreen.xib;
			sourceTree = "<group>";
		};
/* End PBXVariantGroup section */

/* Begin XCBuildConfiguration section */
		23FCF0B31A0F57B800EF023A /* Debug */ = {
			isa = XCBuildConfiguration;
			buildSettings = {
				ALWAYS_SEARCH_USER_PATHS = NO;
				CLANG_CXX_LANGUAGE_STANDARD = "gnu++0x";
				CLANG_CXX_LIBRARY = "libc++";
				CLANG_ENABLE_MODULES = YES;
				CLANG_ENABLE_OBJC_ARC = YES;
				CLANG_WARN_BOOL_CONVERSION = YES;
				CLANG_WARN_CONSTANT_CONVERSION = YES;
				CLANG_WARN_DIRECT_OBJC_ISA_USAGE = YES_ERROR;
				CLANG_WARN_EMPTY_BODY = YES;
				CLANG_WARN_ENUM_CONVERSION = YES;
				CLANG_WARN_INT_CONVERSION = YES;
				CLANG_WARN_OBJC_ROOT_CLASS = YES_ERROR;
				CLANG_WARN_UNREACHABLE_CODE = YES;
				CLANG_WARN__DUPLICATE_METHOD_MATCH = YES;
				"CODE_SIGN_IDENTITY[sdk=iphoneos*]" = "iPhone Developer";
				COPY_PHASE_STRIP = NO;
				ENABLE_STRICT_OBJC_MSGSEND = YES;
				GCC_C_LANGUAGE_STANDARD = gnu99;
				GCC_DYNAMIC_NO_PIC = NO;
				GCC_OPTIMIZATION_LEVEL = 0;
				GCC_PREPROCESSOR_DEFINITIONS = (
					"DEBUG=1",
					"$(inherited)",
				);
				GCC_SYMBOLS_PRIVATE_EXTERN = NO;
				GCC_WARN_64_TO_32_BIT_CONVERSION = YES;
				GCC_WARN_ABOUT_RETURN_TYPE = YES_ERROR;
				GCC_WARN_UNDECLARED_SELECTOR = YES;
				GCC_WARN_UNINITIALIZED_AUTOS = YES_AGGRESSIVE;
				GCC_WARN_UNUSED_FUNCTION = YES;
				GCC_WARN_UNUSED_VARIABLE = YES;
				IPHONEOS_DEPLOYMENT_TARGET = 8.1;
				MTL_ENABLE_DEBUG_INFO = YES;
				ONLY_ACTIVE_ARCH = YES;
				SDKROOT = iphoneos;
				SWIFT_OPTIMIZATION_LEVEL = "-Onone";
				TARGETED_DEVICE_FAMILY = "1,2";
			};
			name = Debug;
		};
		23FCF0B41A0F57B800EF023A /* Release */ = {
			isa = XCBuildConfiguration;
			buildSettings = {
				ALWAYS_SEARCH_USER_PATHS = NO;
				CLANG_CXX_LANGUAGE_STANDARD = "gnu++0x";
				CLANG_CXX_LIBRARY = "libc++";
				CLANG_ENABLE_MODULES = YES;
				CLANG_ENABLE_OBJC_ARC = YES;
				CLANG_WARN_BOOL_CONVERSION = YES;
				CLANG_WARN_CONSTANT_CONVERSION = YES;
				CLANG_WARN_DIRECT_OBJC_ISA_USAGE = YES_ERROR;
				CLANG_WARN_EMPTY_BODY = YES;
				CLANG_WARN_ENUM_CONVERSION = YES;
				CLANG_WARN_INT_CONVERSION = YES;
				CLANG_WARN_OBJC_ROOT_CLASS = YES_ERROR;
				CLANG_WARN_UNREACHABLE_CODE = YES;
				CLANG_WARN__DUPLICATE_METHOD_MATCH = YES;
				"CODE_SIGN_IDENTITY[sdk=iphoneos*]" = "iPhone Developer";
				COPY_PHASE_STRIP = YES;
				ENABLE_NS_ASSERTIONS = NO;
				ENABLE_STRICT_OBJC_MSGSEND = YES;
				GCC_C_LANGUAGE_STANDARD = gnu99;
				GCC_WARN_64_TO_32_BIT_CONVERSION = YES;
				GCC_WARN_ABOUT_RETURN_TYPE = YES_ERROR;
				GCC_WARN_UNDECLARED_SELECTOR = YES;
				GCC_WARN_UNINITIALIZED_AUTOS = YES_AGGRESSIVE;
				GCC_WARN_UNUSED_FUNCTION = YES;
				GCC_WARN_UNUSED_VARIABLE = YES;
				IPHONEOS_DEPLOYMENT_TARGET = 8.1;
				MTL_ENABLE_DEBUG_INFO = NO;
				SDKROOT = iphoneos;
				TARGETED_DEVICE_FAMILY = "1,2";
				VALIDATE_PRODUCT = YES;
			};
			name = Release;
		};
		23FCF0B61A0F57B800EF023A /* Debug */ = {
			isa = XCBuildConfiguration;
			baseConfigurationReference = 5C4570897C7C4712D8DAD30D /* Pods.debug.xcconfig */;
			buildSettings = {
				ASSETCATALOG_COMPILER_APPICON_NAME = AppIcon;
				CLANG_ENABLE_MODULES = YES;
				CODE_SIGN_IDENTITY = "iPhone Developer";
				INFOPLIST_FILE = tagTmbl/Info.plist;
				IPHONEOS_DEPLOYMENT_TARGET = 8.1;
				LD_RUNPATH_SEARCH_PATHS = "$(inherited) @executable_path/Frameworks";
				PRODUCT_NAME = "$(TARGET_NAME)";
				SWIFT_OBJC_BRIDGING_HEADER = "tagTmbl/tagTmbl-Bridging-Header.h";
				SWIFT_OPTIMIZATION_LEVEL = "-Onone";
			};
			name = Debug;
		};
		23FCF0B71A0F57B800EF023A /* Release */ = {
			isa = XCBuildConfiguration;
			baseConfigurationReference = E8BCF86960CB1A8048B07736 /* Pods.release.xcconfig */;
			buildSettings = {
				ASSETCATALOG_COMPILER_APPICON_NAME = AppIcon;
				CLANG_ENABLE_MODULES = YES;
				CODE_SIGN_IDENTITY = "iPhone Developer";
				INFOPLIST_FILE = tagTmbl/Info.plist;
				IPHONEOS_DEPLOYMENT_TARGET = 8.1;
				LD_RUNPATH_SEARCH_PATHS = "$(inherited) @executable_path/Frameworks";
				PRODUCT_NAME = "$(TARGET_NAME)";
				SWIFT_OBJC_BRIDGING_HEADER = "tagTmbl/tagTmbl-Bridging-Header.h";
			};
			name = Release;
		};
		23FCF0B91A0F57B800EF023A /* Debug */ = {
			isa = XCBuildConfiguration;
			buildSettings = {
				BUNDLE_LOADER = "$(TEST_HOST)";
				FRAMEWORK_SEARCH_PATHS = (
					"$(SDKROOT)/Developer/Library/Frameworks",
					"$(inherited)",
				);
				GCC_PREPROCESSOR_DEFINITIONS = (
					"DEBUG=1",
					"$(inherited)",
				);
				INFOPLIST_FILE = tagTmblTests/Info.plist;
				LD_RUNPATH_SEARCH_PATHS = "$(inherited) @executable_path/Frameworks @loader_path/Frameworks";
				PRODUCT_NAME = "$(TARGET_NAME)";
				TEST_HOST = "$(BUILT_PRODUCTS_DIR)/tagTmbl.app/tagTmbl";
			};
			name = Debug;
		};
		23FCF0BA1A0F57B800EF023A /* Release */ = {
			isa = XCBuildConfiguration;
			buildSettings = {
				BUNDLE_LOADER = "$(TEST_HOST)";
				FRAMEWORK_SEARCH_PATHS = (
					"$(SDKROOT)/Developer/Library/Frameworks",
					"$(inherited)",
				);
				INFOPLIST_FILE = tagTmblTests/Info.plist;
				LD_RUNPATH_SEARCH_PATHS = "$(inherited) @executable_path/Frameworks @loader_path/Frameworks";
				PRODUCT_NAME = "$(TARGET_NAME)";
				TEST_HOST = "$(BUILT_PRODUCTS_DIR)/tagTmbl.app/tagTmbl";
			};
			name = Release;
		};
/* End XCBuildConfiguration section */

/* Begin XCConfigurationList section */
		23FCF08D1A0F57B800EF023A /* Build configuration list for PBXProject "tagTmbl" */ = {
			isa = XCConfigurationList;
			buildConfigurations = (
				23FCF0B31A0F57B800EF023A /* Debug */,
				23FCF0B41A0F57B800EF023A /* Release */,
			);
			defaultConfigurationIsVisible = 0;
			defaultConfigurationName = Release;
		};
		23FCF0B51A0F57B800EF023A /* Build configuration list for PBXNativeTarget "tagTmbl" */ = {
			isa = XCConfigurationList;
			buildConfigurations = (
				23FCF0B61A0F57B800EF023A /* Debug */,
				23FCF0B71A0F57B800EF023A /* Release */,
			);
			defaultConfigurationIsVisible = 0;
			defaultConfigurationName = Release;
		};
		23FCF0B81A0F57B800EF023A /* Build configuration list for PBXNativeTarget "tagTmblTests" */ = {
			isa = XCConfigurationList;
			buildConfigurations = (
				23FCF0B91A0F57B800EF023A /* Debug */,
				23FCF0BA1A0F57B800EF023A /* Release */,
			);
			defaultConfigurationIsVisible = 0;
			defaultConfigurationName = Release;
		};
/* End XCConfigurationList section */
	};
	rootObject = 23FCF08A1A0F57B800EF023A /* Project object */;
}
